
Microsoft Visual Studio Solution File, Format Version 12.00
# Visual Studio 15
VisualStudioVersion = 15.0.27130.2010
MinimumVisualStudioVersion = 10.0.40219.1
Project("{FAE04EC0-301F-11D3-BF4B-00C04F79EFBC}") = "OutlookComToVcard", "OutlookComToVcard\OutlookComToVcard.csproj", "{DC29B856-679A-4682-9157-CA7EF3D9E861}"
EndProject
Global
	GlobalSection(SolutionConfigurationPlatforms) = preSolution
		Debug|Any CPU = Debug|Any CPU
		Release|Any CPU = Release|Any CPU
	EndGlobalSection
	GlobalSection(ProjectConfigurationPlatforms) = postSolution
		{DC29B856-679A-4682-9157-CA7EF3D9E861}.Debug|Any CPU.ActiveCfg = Debug|Any CPU
		{DC29B856-679A-4682-9157-CA7EF3D9E861}.Debug|Any CPU.Build.0 = Debug|Any CPU
		{DC29B856-679A-4682-9157-CA7EF3D9E861}.Release|Any CPU.ActiveCfg = Release|Any CPU
		{DC29B856-679A-4682-9157-CA7EF3D9E861}.Release|Any CPU.Build.0 = Release|Any CPU
	EndGlobalSection
	GlobalSection(SolutionProperties) = preSolution
		HideSolutionNode = FALSE
	EndGlobalSection
	GlobalSection(ExtensibilityGlobals) = postSolution
		SolutionGuid = {B998BC02-8B18-46CC-9FBB-BAAD2BBC524F}
	EndGlobalSection
EndGlobal
